Microsoft Visual Studio Solution File, Format Version 12.00
# Visual Studio Version 17
VisualStudioVersion = 17.5.2.0
MinimumVisualStudioVersion = 10.0.40219.1
Project("{FAE04EC0-301F-11D3-BF4B-00C04F79EFBC}") = "JesperDocker", "JesperDocker.csproj", "{7B5E1060-0298-18D3-2BBA-79FAA8B68E9A}"
EndProject
Global
	GlobalSection(SolutionConfigurationPlatforms) = preSolution
		Debug|Any CPU = Debug|Any CPU
		Release|Any CPU = Release|Any CPU
	EndGlobalSection
	GlobalSection(ProjectConfigurationPlatforms) = postSolution
		{7B5E1060-0298-18D3-2BBA-79FAA8B68E9A}.Debug|Any CPU.ActiveCfg = Debug|Any CPU
		{7B5E1060-0298-18D3-2BBA-79FAA8B68E9A}.Debug|Any CPU.Build.0 = Debug|Any CPU
		{7B5E1060-0298-18D3-2BBA-79FAA8B68E9A}.Release|Any CPU.ActiveCfg = Release|Any CPU
		{7B5E1060-0298-18D3-2BBA-79FAA8B68E9A}.Release|Any CPU.Build.0 = Release|Any CPU
	EndGlobalSection
	GlobalSection(SolutionProperties) = preSolution
		HideSolutionNode = FALSE
	EndGlobalSection
	GlobalSection(ExtensibilityGlobals) = postSolution
		SolutionGuid = {6BBDE842-A02D-43ED-AA4B-B3EF3C86EE87}
	EndGlobalSection
EndGlobal
